
Microsoft Visual Studio Solution File, Format Version 12.00
# Visual Studio Version 17
VisualStudioVersion = 17.5.33516.290
MinimumVisualStudioVersion = 10.0.40219.1
Project("{9A19103F-16F7-4668-BE54-9A1E7A4F7556}") = "CycleStream.Iot", "CycleStream.IoT\CycleStream.Iot.csproj", "{BBA9AA27-0522-4947-819F-70A6F3D2A95C}"
EndProject
Project("{9A19103F-16F7-4668-BE54-9A1E7A4F7556}") = "CycleStream.Server", "CycleStream.Server\CycleStream.Server.csproj", "{C5A11DC3-5682-47B1-A81A-079740C91DCE}"
EndProject
Global
	GlobalSection(SolutionConfigurationPlatforms) = preSolution
		Debug|Any CPU = Debug|Any CPU
		Release|Any CPU = Release|Any CPU
	EndGlobalSection
	GlobalSection(ProjectConfigurationPlatforms) = postSolution
		{BBA9AA27-0522-4947-819F-70A6F3D2A95C}.Debug|Any CPU.ActiveCfg = Debug|Any CPU
		{BBA9AA27-0522-4947-819F-70A6F3D2A95C}.Debug|Any CPU.Build.0 = Debug|Any CPU
		{BBA9AA27-0522-4947-819F-70A6F3D2A95C}.Debug|Any CPU.Deploy.0 = Debug|Any CPU
		{BBA9AA27-0522-4947-819F-70A6F3D2A95C}.Release|Any CPU.ActiveCfg = Release|Any CPU
		{BBA9AA27-0522-4947-819F-70A6F3D2A95C}.Release|Any CPU.Build.0 = Release|Any CPU
		{BBA9AA27-0522-4947-819F-70A6F3D2A95C}.Release|Any CPU.Deploy.0 = Release|Any CPU
		{C5A11DC3-5682-47B1-A81A-079740C91DCE}.Debug|Any CPU.ActiveCfg = Debug|Any CPU
		{C5A11DC3-5682-47B1-A81A-079740C91DCE}.Debug|Any CPU.Build.0 = Debug|Any CPU
		{C5A11DC3-5682-47B1-A81A-079740C91DCE}.Release|Any CPU.ActiveCfg = Release|Any CPU
		{C5A11DC3-5682-47B1-A81A-079740C91DCE}.Release|Any CPU.Build.0 = Release|Any CPU
	EndGlobalSection
	GlobalSection(SolutionProperties) = preSolution
		HideSolutionNode = FALSE
	EndGlobalSection
	GlobalSection(ExtensibilityGlobals) = postSolution
		SolutionGuid = {62E90F66-28D1-4A4C-ADB5-C2F19CFD2B01}
	EndGlobalSection
EndGlobal
